<?xml version="1.0" encoding="utf-8"?>
<Project ToolsVersion="4.0" xmlns="http://schemas.microsoft.com/developer/msbuild/2003">
  <ItemGroup>
    <ClCompile Include="stdafx.cpp">
      <Filter>Source Files</Filter>
    </ClCompile>
    <ClCompile Include="dllmain.cpp">
      <Filter>Source Files</Filter>
    </ClCompile>
    <ClCompile Include="OgreRenderSystemComponent.cpp">
      <Filter>Source Files</Filter>
    </ClCompile>
    <ClCompile Include="OgreSerializerComponent.cpp">
      <Filter>Source Files</Filter>
    </ClCompile>
    <ClCompile Include="zip.cpp">
      <Filter>Source Files</Filter>
    </ClCompile>
  </ItemGroup>
  <ItemGroup>
    <ClInclude Include="..\dependencies\requisites.h">
      <Filter>dependencies</Filter>
    </ClInclude>
    <ClInclude Include="..\dependencies\rendersystem.h">
      <Filter>dependencies</Filter>
    </ClInclude>
    <ClInclude Include="..\dependencies\serializer.h">
      <Filter>dependencies</Filter>
    </ClInclude>
    <ClInclude Include="..\dependencies\type.h">
      <Filter>dependencies</Filter>
    </ClInclude>
    <ClInclude Include="rc\resource.h">
      <Filter>Resource Files</Filter>
    </ClInclude>
    <ClInclude Include="stdafx.h">
      <Filter>Header Files</Filter>
    </ClInclude>
    <ClInclude Include="OgreRenderSystemComponent.h">
      <Filter>Header Files</Filter>
    </ClInclude>
    <ClInclude Include="OgreSerializerComponent.h">
      <Filter>Header Files</Filter>
    </ClInclude>
    <ClInclude Include="zip.h">
      <Filter>Header Files</Filter>
    </ClInclude>
  </ItemGroup>
  <ItemGroup>
    <Filter Include="dependencies">
      <UniqueIdentifier>{8ce885b3-0e61-47c6-ab55-2d199174caa9}</UniqueIdentifier>
    </Filter>
    <Filter Include="Resource Files">
      <UniqueIdentifier>{f12fd880-708d-4009-81d2-97f0da2a86df}</UniqueIdentifier>
    </Filter>
    <Filter Include="Header Files">
      <UniqueIdentifier>{b83ede50-f846-4ed1-b381-1147a9a7f732}</UniqueIdentifier>
    </Filter>
    <Filter Include="Source Files">
      <UniqueIdentifier>{eafd4d0e-aa63-4252-a50b-d7c3bd05aa5d}</UniqueIdentifier>
    </Filter>
  </ItemGroup>
  <ItemGroup>
    <ResourceCompile Include="rc\OgreComponent.rc">
      <Filter>Resource Files</Filter>
    </ResourceCompile>
  </ItemGroup>
  <ItemGroup>
    <None Include="OgreComponent.def">
      <Filter>Resource Files</Filter>
    </None>
  </ItemGroup>
</Project>